
Microsoft Visual Studio Solution File, Format Version 12.00
# Visual Studio Version 17
VisualStudioVersion = 17.8.34330.188
MinimumVisualStudioVersion = 10.0.40219.1
Project("{FAE04EC0-301F-11D3-BF4B-00C04F79EFBC}") = "veriyapıları_ödev9", "veriyapıları_ödev9\veriyapıları_ödev9.csproj", "{C1AD2CFE-3B2A-4BB7-90B5-B419C72F45C5}"
EndProject
Global
	GlobalSection(SolutionConfigurationPlatforms) = preSolution
		Debug|Any CPU = Debug|Any CPU
		Release|Any CPU = Release|Any CPU
	EndGlobalSection
	GlobalSection(ProjectConfigurationPlatforms) = postSolution
		{C1AD2CFE-3B2A-4BB7-90B5-B419C72F45C5}.Debug|Any CPU.ActiveCfg = Debug|Any CPU
		{C1AD2CFE-3B2A-4BB7-90B5-B419C72F45C5}.Debug|Any CPU.Build.0 = Debug|Any CPU
		{C1AD2CFE-3B2A-4BB7-90B5-B419C72F45C5}.Release|Any CPU.ActiveCfg = Release|Any CPU
		{C1AD2CFE-3B2A-4BB7-90B5-B419C72F45C5}.Release|Any CPU.Build.0 = Release|Any CPU
	EndGlobalSection
	GlobalSection(SolutionProperties) = preSolution
		HideSolutionNode = FALSE
	EndGlobalSection
	GlobalSection(ExtensibilityGlobals) = postSolution
		SolutionGuid = {F112D77E-F2CC-4E80-8122-F6A1B20D7EA6}
	EndGlobalSection
EndGlobal
